// !$*UTF8*$!
{
	archiveVersion = 1;
	classes = {
	};
	objectVersion = 46;
	objects = {

/* Begin PBXBuildFile section */
		CD0D112E1E92EC250071402A /* FoundationExtension.swift in Sources */ = {isa = PBXBuildFile; fileRef = CD0D112D1E92EC250071402A /* FoundationExtension.swift */; };
		CD4341D51E92B1EC00619530 /* AppDelegate.swift in Sources */ = {isa = PBXBuildFile; fileRef = CD4341D41E92B1EC00619530 /* AppDelegate.swift */; };
		CD4341DA1E92B1EC00619530 /* Main.storyboard in Resources */ = {isa = PBXBuildFile; fileRef = CD4341D81E92B1EC00619530 /* Main.storyboard */; };
		CD4341DC1E92B1EC00619530 /* Assets.xcassets in Resources */ = {isa = PBXBuildFile; fileRef = CD4341DB1E92B1EC00619530 /* Assets.xcassets */; };
		CD4341DF1E92B1EC00619530 /* LaunchScreen.storyboard in Resources */ = {isa = PBXBuildFile; fileRef = CD4341DD1E92B1EC00619530 /* LaunchScreen.storyboard */; };
		CDAAE6361E92C91B00B59C3D /* GitHub.swift in Sources */ = {isa = PBXBuildFile; fileRef = CDAAE6351E92C91B00B59C3D /* GitHub.swift */; };
		CDAAE63A1E92CE6500B59C3D /* GitHubAuthController.swift in Sources */ = {isa = PBXBuildFile; fileRef = CDAAE6391E92CE6500B59C3D /* GitHubAuthController.swift */; };
		CDAAE63D1E92D60D00B59C3D /* gitHubCredentials.swift in Sources */ = {isa = PBXBuildFile; fileRef = CDAAE63C1E92D60D00B59C3D /* gitHubCredentials.swift */; };
		CDF486531E940C0700E0CB68 /* RepoViewController.swift in Sources */ = {isa = PBXBuildFile; fileRef = CDF486521E940C0700E0CB68 /* RepoViewController.swift */; };
		CDF486551E940D5800E0CB68 /* UIExtensions.swift in Sources */ = {isa = PBXBuildFile; fileRef = CDF486541E940D5800E0CB68 /* UIExtensions.swift */; };
		CDF486571E94195C00E0CB68 /* Repository.swift in Sources */ = {isa = PBXBuildFile; fileRef = CDF486561E94195C00E0CB68 /* Repository.swift */; };
/* End PBXBuildFile section */

/* Begin PBXFileReference section */
		CD0D112D1E92EC250071402A /* FoundationExtension.swift */ = {isa = PBXFileReference; fileEncoding = 4; lastKnownFileType = sourcecode.swift; path = FoundationExtension.swift; sourceTree = "<group>"; };
		CD4341D11E92B1EC00619530 /* GoGoGithub.app */ = {isa = PBXFileReference; explicitFileType = wrapper.application; includeInIndex = 0; path = GoGoGithub.app; sourceTree = BUILT_PRODUCTS_DIR; };
		CD4341D41E92B1EC00619530 /* AppDelegate.swift */ = {isa = PBXFileReference; lastKnownFileType = sourcecode.swift; path = AppDelegate.swift; sourceTree = "<group>"; };
		CD4341D91E92B1EC00619530 /* Base */ = {isa = PBXFileReference; lastKnownFileType = file.storyboard; name = Base; path = Base.lproj/Main.storyboard; sourceTree = "<group>"; };
		CD4341DB1E92B1EC00619530 /* Assets.xcassets */ = {isa = PBXFileReference; lastKnownFileType = folder.assetcatalog; path = Assets.xcassets; sourceTree = "<group>"; };
		CD4341DE1E92B1EC00619530 /* Base */ = {isa = PBXFileReference; lastKnownFileType = file.storyboard; name = Base; path = Base.lproj/LaunchScreen.storyboard; sourceTree = "<group>"; };
		CD4341E01E92B1EC00619530 /* Info.plist */ = {isa = PBXFileReference; lastKnownFileType = text.plist.xml; path = Info.plist; sourceTree = "<group>"; };
		CDAAE6351E92C91B00B59C3D /* GitHub.swift */ = {isa = PBXFileReference; fileEncoding = 4; lastKnownFileType = sourcecode.swift; path = GitHub.swift; sourceTree = "<group>"; };
		CDAAE6391E92CE6500B59C3D /* GitHubAuthController.swift */ = {isa = PBXFileReference; fileEncoding = 4; lastKnownFileType = sourcecode.swift; name = GitHubAuthController.swift; path = ../GitHubAuthController.swift; sourceTree = "<group>"; };
		CDAAE63C1E92D60D00B59C3D /* gitHubCredentials.swift */ = {isa = PBXFileReference; fileEncoding = 4; lastKnownFileType = sourcecode.swift; path = gitHubCredentials.swift; sourceTree = "<group>"; };
		CDF486521E940C0700E0CB68 /* RepoViewController.swift */ = {isa = PBXFileReference; fileEncoding = 4; lastKnownFileType = sourcecode.swift; path = RepoViewController.swift; sourceTree = "<group>"; };
		CDF486541E940D5800E0CB68 /* UIExtensions.swift */ = {isa = PBXFileReference; fileEncoding = 4; lastKnownFileType = sourcecode.swift; name = UIExtensions.swift; path = ../UIExtensions.swift; sourceTree = "<group>"; };
		CDF486561E94195C00E0CB68 /* Repository.swift */ = {isa = PBXFileReference; fileEncoding = 4; lastKnownFileType = sourcecode.swift; path = Repository.swift; sourceTree = "<group>"; };
/* End PBXFileReference section */

/* Begin PBXFrameworksBuildPhase section */
		CD4341CE1E92B1EC00619530 /* Frameworks */ = {
			isa = PBXFrameworksBuildPhase;
			buildActionMask = 2147483647;
			files = (
			);
			runOnlyForDeploymentPostprocessing = 0;
		};
/* End PBXFrameworksBuildPhase section */

/* Begin PBXGroup section */
		CD4341C81E92B1EC00619530 = {
			isa = PBXGroup;
			children = (
				CD4341D31E92B1EC00619530 /* GoGoGithub */,
				CD4341D21E92B1EC00619530 /* Products */,
			);
			sourceTree = "<group>";
		};
		CD4341D21E92B1EC00619530 /* Products */ = {
			isa = PBXGroup;
			children = (
				CD4341D11E92B1EC00619530 /* GoGoGithub.app */,
			);
			name = Products;
			sourceTree = "<group>";
		};
		CD4341D31E92B1EC00619530 /* GoGoGithub */ = {
			isa = PBXGroup;
			children = (
				CDAAE63C1E92D60D00B59C3D /* gitHubCredentials.swift */,
				CDAAE63B1E92CE7800B59C3D /* controllers */,
				CD4341D41E92B1EC00619530 /* AppDelegate.swift */,
				CD4341D81E92B1EC00619530 /* Main.storyboard */,
				CD4341DB1E92B1EC00619530 /* Assets.xcassets */,
				CDAAE6381E92C95800B59C3D /* model */,
				CD4341E01E92B1EC00619530 /* Info.plist */,
				CD4341DD1E92B1EC00619530 /* LaunchScreen.storyboard */,
			);
			path = GoGoGithub;
			sourceTree = "<group>";
		};
		CDAAE6381E92C95800B59C3D /* model */ = {
			isa = PBXGroup;
			children = (
				CDF486541E940D5800E0CB68 /* UIExtensions.swift */,
				CDAAE6351E92C91B00B59C3D /* GitHub.swift */,
				CDF486561E94195C00E0CB68 /* Repository.swift */,
				CD0D112D1E92EC250071402A /* FoundationExtension.swift */,
			);
			name = model;
			sourceTree = "<group>";
		};
		CDAAE63B1E92CE7800B59C3D /* controllers */ = {
			isa = PBXGroup;
			children = (
				CDF486521E940C0700E0CB68 /* RepoViewController.swift */,
				CDAAE6391E92CE6500B59C3D /* GitHubAuthController.swift */,
			);
			name = controllers;
			sourceTree = "<group>";
		};
/* End PBXGroup section */

/* Begin PBXNativeTarget section */
		CD4341D01E92B1EC00619530 /* GoGoGithub */ = {
			isa = PBXNativeTarget;
			buildConfigurationList = CD4341E31E92B1EC00619530 /* Build configuration list for PBXNativeTarget "GoGoGithub" */;
			buildPhases = (
				CD4341CD1E92B1EC00619530 /* Sources */,
				CD4341CE1E92B1EC00619530 /* Frameworks */,
				CD4341CF1E92B1EC00619530 /* Resources */,
			);
			buildRules = (
			);
			dependencies = (
			);
			name = GoGoGithub;
			productName = GoGoGithub;
			productReference = CD4341D11E92B1EC00619530 /* GoGoGithub.app */;
			productType = "com.apple.product-type.application";
		};
/* End PBXNativeTarget section */

/* Begin PBXProject section */
		CD4341C91E92B1EC00619530 /* Project object */ = {
			isa = PBXProject;
			attributes = {
				LastSwiftUpdateCheck = 0830;
				LastUpgradeCheck = 0830;
				ORGANIZATIONNAME = "Elyanil Liranzo Castro";
				TargetAttributes = {
					CD4341D01E92B1EC00619530 = {
						CreatedOnToolsVersion = 8.3;
						DevelopmentTeam = 6EJN6WTQBM;
						ProvisioningStyle = Automatic;
					};
				};
			};
			buildConfigurationList = CD4341CC1E92B1EC00619530 /* Build configuration list for PBXProject "GoGoGithub" */;
			compatibilityVersion = "Xcode 3.2";
			developmentRegion = English;
			hasScannedForEncodings = 0;
			knownRegions = (
				en,
				Base,
			);
			mainGroup = CD4341C81E92B1EC00619530;
			productRefGroup = CD4341D21E92B1EC00619530 /* Products */;
			projectDirPath = "";
			projectRoot = "";
			targets = (
				CD4341D01E92B1EC00619530 /* GoGoGithub */,
			);
		};
/* End PBXProject section */

/* Begin PBXResourcesBuildPhase section */
		CD4341CF1E92B1EC00619530 /* Resources */ = {
			isa = PBXResourcesBuildPhase;
			buildActionMask = 2147483647;
			files = (
				CD4341DF1E92B1EC00619530 /* LaunchScreen.storyboard in Resources */,
				CD4341DC1E92B1EC00619530 /* Assets.xcassets in Resources */,
				CD4341DA1E92B1EC00619530 /* Main.storyboard in Resources */,
			);
			runOnlyForDeploymentPostprocessing = 0;
		};
/* End PBXResourcesBuildPhase section */

/* Begin PBXSourcesBuildPhase section */
		CD4341CD1E92B1EC00619530 /* Sources */ = {
			isa = PBXSourcesBuildPhase;
			buildActionMask = 2147483647;
			files = (
				CDAAE6361E92C91B00B59C3D /* GitHub.swift in Sources */,
				CDF486551E940D5800E0CB68 /* UIExtensions.swift in Sources */,
				CDAAE63A1E92CE6500B59C3D /* GitHubAuthController.swift in Sources */,
				CDF486571E94195C00E0CB68 /* Repository.swift in Sources */,
				CDF486531E940C0700E0CB68 /* RepoViewController.swift in Sources */,
				CD4341D51E92B1EC00619530 /* AppDelegate.swift in Sources */,
				CD0D112E1E92EC250071402A /* FoundationExtension.swift in Sources */,
				CDAAE63D1E92D60D00B59C3D /* gitHubCredentials.swift in Sources */,
			);
			runOnlyForDeploymentPostprocessing = 0;
		};
/* End PBXSourcesBuildPhase section */

/* Begin PBXVariantGroup section */
		CD4341D81E92B1EC00619530 /* Main.storyboard */ = {
			isa = PBXVariantGroup;
			children = (
				CD4341D91E92B1EC00619530 /* Base */,
			);
			name = Main.storyboard;
			sourceTree = "<group>";
		};
		CD4341DD1E92B1EC00619530 /* LaunchScreen.storyboard */ = {
			isa = PBXVariantGroup;
			children = (
				CD4341DE1E92B1EC00619530 /* Base */,
			);
			name = LaunchScreen.storyboard;
			sourceTree = "<group>";
		};
/* End PBXVariantGroup section */

/* Begin XCBuildConfiguration section */
		CD4341E11E92B1EC00619530 /* Debug */ = {
			isa = XCBuildConfiguration;
			buildSettings = {
				ALWAYS_SEARCH_USER_PATHS = NO;
				CLANG_ANALYZER_NONNULL = YES;
				CLANG_ANALYZER_NUMBER_OBJECT_CONVERSION = YES_AGGRESSIVE;
				CLANG_CXX_LANGUAGE_STANDARD = "gnu++0x";
				CLANG_CXX_LIBRARY = "libc++";
				CLANG_ENABLE_MODULES = YES;
				CLANG_ENABLE_OBJC_ARC = YES;
				CLANG_WARN_BOOL_CONVERSION = YES;
				CLANG_WARN_CONSTANT_CONVERSION = YES;
				CLANG_WARN_DIRECT_OBJC_ISA_USAGE = YES_ERROR;
				CLANG_WARN_DOCUMENTATION_COMMENTS = YES;
				CLANG_WARN_EMPTY_BODY = YES;
				CLANG_WARN_ENUM_CONVERSION = YES;
				CLANG_WARN_INFINITE_RECURSION = YES;
				CLANG_WARN_INT_CONVERSION = YES;
				CLANG_WARN_OBJC_ROOT_CLASS = YES_ERROR;
				CLANG_WARN_SUSPICIOUS_MOVE = YES;
				CLANG_WARN_UNREACHABLE_CODE = YES;
				CLANG_WARN__DUPLICATE_METHOD_MATCH = YES;
				"CODE_SIGN_IDENTITY[sdk=iphoneos*]" = "iPhone Developer";
				COPY_PHASE_STRIP = NO;
				DEBUG_INFORMATION_FORMAT = dwarf;
				ENABLE_STRICT_OBJC_MSGSEND = YES;
				ENABLE_TESTABILITY = YES;
				GCC_C_LANGUAGE_STANDARD = gnu99;
				GCC_DYNAMIC_NO_PIC = NO;
				GCC_NO_COMMON_BLOCKS = YES;
				GCC_OPTIMIZATION_LEVEL = 0;
				GCC_PREPROCESSOR_DEFINITIONS = (
					"DEBUG=1",
					"$(inherited)",
				);
				GCC_WARN_64_TO_32_BIT_CONVERSION = YES;
				GCC_WARN_ABOUT_RETURN_TYPE = YES_ERROR;
				GCC_WARN_UNDECLARED_SELECTOR = YES;
				GCC_WARN_UNINITIALIZED_AUTOS = YES_AGGRESSIVE;
				GCC_WARN_UNUSED_FUNCTION = YES;
				GCC_WARN_UNUSED_VARIABLE = YES;
				IPHONEOS_DEPLOYMENT_TARGET = 10.3;
				MTL_ENABLE_DEBUG_INFO = YES;
				ONLY_ACTIVE_ARCH = YES;
				SDKROOT = iphoneos;
				SWIFT_ACTIVE_COMPILATION_CONDITIONS = DEBUG;
				SWIFT_OPTIMIZATION_LEVEL = "-Onone";
				TARGETED_DEVICE_FAMILY = "1,2";
			};
			name = Debug;
		};
		CD4341E21E92B1EC00619530 /* Release */ = {
			isa = XCBuildConfiguration;
			buildSettings = {
				ALWAYS_SEARCH_USER_PATHS = NO;
				CLANG_ANALYZER_NONNULL = YES;
				CLANG_ANALYZER_NUMBER_OBJECT_CONVERSION = YES_AGGRESSIVE;
				CLANG_CXX_LANGUAGE_STANDARD = "gnu++0x";
				CLANG_CXX_LIBRARY = "libc++";
				CLANG_ENABLE_MODULES = YES;
				CLANG_ENABLE_OBJC_ARC = YES;
				CLANG_WARN_BOOL_CONVERSION = YES;
				CLANG_WARN_CONSTANT_CONVERSION = YES;
				CLANG_WARN_DIRECT_OBJC_ISA_USAGE = YES_ERROR;
				CLANG_WARN_DOCUMENTATION_COMMENTS = YES;
				CLANG_WARN_EMPTY_BODY = YES;
				CLANG_WARN_ENUM_CONVERSION = YES;
				CLANG_WARN_INFINITE_RECURSION = YES;
				CLANG_WARN_INT_CONVERSION = YES;
				CLANG_WARN_OBJC_ROOT_CLASS = YES_ERROR;
				CLANG_WARN_SUSPICIOUS_MOVE = YES;
				CLANG_WARN_UNREACHABLE_CODE = YES;
				CLANG_WARN__DUPLICATE_METHOD_MATCH = YES;
				"CODE_SIGN_IDENTITY[sdk=iphoneos*]" = "iPhone Developer";
				COPY_PHASE_STRIP = NO;
				DEBUG_INFORMATION_FORMAT = "dwarf-with-dsym";
				ENABLE_NS_ASSERTIONS = NO;
				ENABLE_STRICT_OBJC_MSGSEND = YES;
				GCC_C_LANGUAGE_STANDARD = gnu99;
				GCC_NO_COMMON_BLOCKS = YES;
				GCC_WARN_64_TO_32_BIT_CONVERSION = YES;
				GCC_WARN_ABOUT_RETURN_TYPE = YES_ERROR;
				GCC_WARN_UNDECLARED_SELECTOR = YES;
				GCC_WARN_UNINITIALIZED_AUTOS = YES_AGGRESSIVE;
				GCC_WARN_UNUSED_FUNCTION = YES;
				GCC_WARN_UNUSED_VARIABLE = YES;
				IPHONEOS_DEPLOYMENT_TARGET = 10.3;
				MTL_ENABLE_DEBUG_INFO = NO;
				SDKROOT = iphoneos;
				SWIFT_OPTIMIZATION_LEVEL = "-Owholemodule";
				TARGETED_DEVICE_FAMILY = "1,2";
				VALIDATE_PRODUCT = YES;
			};
			name = Release;
		};
		CD4341E41E92B1EC00619530 /* Debug */ = {
			isa = XCBuildConfiguration;
			buildSettings = {
				ASSETCATALOG_COMPILER_APPICON_NAME = AppIcon;
				DEVELOPMENT_TEAM = 6EJN6WTQBM;
				INFOPLIST_FILE = GoGoGithub/Info.plist;
				LD_RUNPATH_SEARCH_PATHS = "$(inherited) @executable_path/Frameworks";
				PRODUCT_BUNDLE_IDENTIFIER = com.elyaniliranzocastro.GoGoGithub;
				PRODUCT_NAME = "$(TARGET_NAME)";
				SWIFT_VERSION = 3.0;
			};
			name = Debug;
		};
		CD4341E51E92B1EC00619530 /* Release */ = {
			isa = XCBuildConfiguration;
			buildSettings = {
				ASSETCATALOG_COMPILER_APPICON_NAME = AppIcon;
				DEVELOPMENT_TEAM = 6EJN6WTQBM;
				INFOPLIST_FILE = GoGoGithub/Info.plist;
				LD_RUNPATH_SEARCH_PATHS = "$(inherited) @executable_path/Frameworks";
				PRODUCT_BUNDLE_IDENTIFIER = com.elyaniliranzocastro.GoGoGithub;
				PRODUCT_NAME = "$(TARGET_NAME)";
				SWIFT_VERSION = 3.0;
			};
			name = Release;
		};
/* End XCBuildConfiguration section */

/* Begin XCConfigurationList section */
		CD4341CC1E92B1EC00619530 /* Build configuration list for PBXProject "GoGoGithub" */ = {
			isa = XCConfigurationList;
			buildConfigurations = (
				CD4341E11E92B1EC00619530 /* Debug */,
				CD4341E21E92B1EC00619530 /* Release */,
			);
			defaultConfigurationIsVisible = 0;
			defaultConfigurationName = Release;
		};
		CD4341E31E92B1EC00619530 /* Build configuration list for PBXNativeTarget "GoGoGithub" */ = {
			isa = XCConfigurationList;
			buildConfigurations = (
				CD4341E41E92B1EC00619530 /* Debug */,
				CD4341E51E92B1EC00619530 /* Release */,
			);
			defaultConfigurationIsVisible = 0;
			defaultConfigurationName = Release;
		};
/* End XCConfigurationList section */
	};
	rootObject = CD4341C91E92B1EC00619530 /* Project object */;
}
